
Microsoft Visual Studio Solution File, Format Version 12.00
# Visual Studio Version 16
VisualStudioVersion = 16.0.30907.101
MinimumVisualStudioVersion = 10.0.40219.1
Project("{FAE04EC0-301F-11D3-BF4B-00C04F79EFBC}") = "whileDoWhile", "whileDoWhile\whileDoWhile.csproj", "{780C3A24-D112-45F1-A988-B6C8B517E339}"
EndProject
Global
	GlobalSection(SolutionConfigurationPlatforms) = preSolution
		Debug|Any CPU = Debug|Any CPU
		Release|Any CPU = Release|Any CPU
	EndGlobalSection
	GlobalSection(ProjectConfigurationPlatforms) = postSolution
		{780C3A24-D112-45F1-A988-B6C8B517E339}.Debug|Any CPU.ActiveCfg = Debug|Any CPU
		{780C3A24-D112-45F1-A988-B6C8B517E339}.Debug|Any CPU.Build.0 = Debug|Any CPU
		{780C3A24-D112-45F1-A988-B6C8B517E339}.Release|Any CPU.ActiveCfg = Release|Any CPU
		{780C3A24-D112-45F1-A988-B6C8B517E339}.Release|Any CPU.Build.0 = Release|Any CPU
	EndGlobalSection
	GlobalSection(SolutionProperties) = preSolution
		HideSolutionNode = FALSE
	EndGlobalSection
	GlobalSection(ExtensibilityGlobals) = postSolution
		SolutionGuid = {CE00396E-76E8-4A77-89B0-7048391049AC}
	EndGlobalSection
EndGlobal
