
Microsoft Visual Studio Solution File, Format Version 12.00
# Visual Studio Version 16
VisualStudioVersion = 16.0.30907.101
MinimumVisualStudioVersion = 10.0.40219.1
Project("{FAE04EC0-301F-11D3-BF4B-00C04F79EFBC}") = "ifStatement", "ifStatement\ifStatement.csproj", "{2DD42C2C-C728-4943-A3AA-67351FBA20B8}"
EndProject
Global
	GlobalSection(SolutionConfigurationPlatforms) = preSolution
		Debug|Any CPU = Debug|Any CPU
		Release|Any CPU = Release|Any CPU
	EndGlobalSection
	GlobalSection(ProjectConfigurationPlatforms) = postSolution
		{2DD42C2C-C728-4943-A3AA-67351FBA20B8}.Debug|Any CPU.ActiveCfg = Debug|Any CPU
		{2DD42C2C-C728-4943-A3AA-67351FBA20B8}.Debug|Any CPU.Build.0 = Debug|Any CPU
		{2DD42C2C-C728-4943-A3AA-67351FBA20B8}.Release|Any CPU.ActiveCfg = Release|Any CPU
		{2DD42C2C-C728-4943-A3AA-67351FBA20B8}.Release|Any CPU.Build.0 = Release|Any CPU
	EndGlobalSection
	GlobalSection(SolutionProperties) = preSolution
		HideSolutionNode = FALSE
	EndGlobalSection
	GlobalSection(ExtensibilityGlobals) = postSolution
		SolutionGuid = {2C1B8DC0-A54B-45DE-9973-0D8B1E050D9D}
	EndGlobalSection
EndGlobal
